{
    "_readme": [
        "This file locks the dependencies of your project to a known state",
        "Read more about it at https://getcomposer.org/doc/01-basic-usage.md#installing-dependencies",
        "This file is @generated automatically"
    ],
    "content-hash": "b93985cadff2a79e3c45b9f7dba706ee",
    "packages": [
        {
            "name": "myclabs/php-enum",
            "version": "1.8.3",
            "source": {
                "type": "git",
                "url": "https://github.com/myclabs/php-enum.git",
                "reference": "b942d263c641ddb5190929ff840c68f78713e937"
            },
            "dist": {
                "type": "zip",
                "url": "https://api.github.com/repos/myclabs/php-enum/zipball/b942d263c641ddb5190929ff840c68f78713e937",
                "reference": "b942d263c641ddb5190929ff840c68f78713e937",
                "shasum": ""
            },
            "require": {
                "ext-json": "*",
                "php": "^7.3 || ^8.0"
            },
            "require-dev": {
                "phpunit/phpunit": "^9.5",
                "squizlabs/php_codesniffer": "1.*",
                "vimeo/psalm": "^4.6.2"
            },
            "type": "library",
            "autoload": {
                "psr-4": {
                    "MyCLabs\\Enum\\": "src/"
                }
            },
            "notification-url": "https://packagist.org/downloads/",
            "license": [
                "MIT"
            ],
            "authors": [
                {
                    "name": "PHP Enum contributors",
                    "homepage": "https://github.com/myclabs/php-enum/graphs/contributors"
                }
            ],
            "description": "PHP Enum implementation",
            "homepage": "http://github.com/myclabs/php-enum",
            "keywords": [
                "enum"
            ],
            "support": {
                "issues": "https://github.com/myclabs/php-enum/issues",
                "source": "https://github.com/myclabs/php-enum/tree/1.8.3"
            },
            "funding": [
                {
                    "url": "https://github.com/mnapoli",
                    "type": "github"
                },
                {
                    "url": "https://tidelift.com/funding/github/packagist/myclabs/php-enum",
                    "type": "tidelift"
                }
            ],
            "time": "2021-07-05T08:18:36+00:00"
        },
        {
            "name": "smalot/pdfparser",
            "version": "v1.0.0",
            "source": {
                "type": "git",
                "url": "https://github.com/smalot/pdfparser.git",
                "reference": "d4148fd8160f2e9cfc03f0bbfa4efba8a4e15fa4"
            },
            "dist": {
                "type": "zip",
                "url": "https://api.github.com/repos/smalot/pdfparser/zipball/d4148fd8160f2e9cfc03f0bbfa4efba8a4e15fa4",
                "reference": "d4148fd8160f2e9cfc03f0bbfa4efba8a4e15fa4",
                "shasum": ""
            },
            "require": {
                "ext-zlib": "*",
                "php": ">=7.1",
                "symfony/polyfill-mbstring": "^1.18"
            },
            "type": "library",
            "autoload": {
                "psr-0": {
                    "Smalot\\PdfParser\\": "src/"
                }
            },
            "notification-url": "https://packagist.org/downloads/",
            "license": [
                "LGPL-3.0"
            ],
            "authors": [
                {
                    "name": "Sebastien MALOT",
                    "email": "sebastien@malot.fr"
                }
            ],
            "description": "Pdf parser library. Can read and extract information from pdf file.",
            "homepage": "https://www.pdfparser.org",
            "keywords": [
                "extract",
                "parse",
                "parser",
                "pdf",
                "text"
            ],
            "support": {
                "issues": "https://github.com/smalot/pdfparser/issues",
                "source": "https://github.com/smalot/pdfparser/tree/v1.0.0"
            },
            "time": "2021-04-26T12:46:49+00:00"
        },
        {
            "name": "symfony/polyfill-mbstring",
            "version": "v1.22.1",
            "source": {
                "type": "git",
                "url": "https://github.com/symfony/polyfill-mbstring.git",
                "reference": "5232de97ee3b75b0360528dae24e73db49566ab1"
            },
            "dist": {
                "type": "zip",
                "url": "https://api.github.com/repos/symfony/polyfill-mbstring/zipball/5232de97ee3b75b0360528dae24e73db49566ab1",
                "reference": "5232de97ee3b75b0360528dae24e73db49566ab1",
                "shasum": ""
            },
            "require": {
                "php": ">=7.1"
            },
            "suggest": {
                "ext-mbstring": "For best performance"
            },
            "type": "library",
            "extra": {
                "branch-alias": {
                    "dev-main": "1.22-dev"
                },
                "thanks": {
                    "name": "symfony/polyfill",
                    "url": "https://github.com/symfony/polyfill"
                }
            },
            "autoload": {
                "psr-4": {
                    "Symfony\\Polyfill\\Mbstring\\": ""
                },
                "files": [
                    "bootstrap.php"
                ]
            },
            "notification-url": "https://packagist.org/downloads/",
            "license": [
                "MIT"
            ],
            "authors": [
                {
                    "name": "Nicolas Grekas",
                    "email": "p@tchwork.com"
                },
                {
                    "name": "Symfony Community",
                    "homepage": "https://symfony.com/contributors"
                }
            ],
            "description": "Symfony polyfill for the Mbstring extension",
            "homepage": "https://symfony.com",
            "keywords": [
                "compatibility",
                "mbstring",
                "polyfill",
                "portable",
                "shim"
            ],
            "support": {
                "source": "https://github.com/symfony/polyfill-mbstring/tree/v1.22.1"
            },
            "funding": [
                {
                    "url": "https://symfony.com/sponsor",
                    "type": "custom"
                },
                {
                    "url": "https://github.com/fabpot",
                    "type": "github"
                },
                {
                    "url": "https://tidelift.com/funding/github/packagist/symfony/symfony",
                    "type": "tidelift"
                }
            ],
            "time": "2021-01-22T09:19:47+00:00"
        }
    ],
    "packages-dev": [],
    "aliases": [],
    "minimum-stability": "stable",
    "stability-flags": [],
    "prefer-stable": false,
    "prefer-lowest": false,
    "platform": [],
    "platform-dev": [],
    "plugin-api-version": "2.0.0"
}
